
Microsoft Visual Studio Solution File, Format Version 12.00
# Visual Studio Version 16
VisualStudioVersion = 16.0.28917.181
MinimumVisualStudioVersion = 10.0.40219.1
Project("{2150E333-8FDC-42A3-9474-1A3956D46DE8}") = "Exercise1", "Exercise1", "{8058F040-95F9-4C7D-8463-EE5CFC8BB6A5}"
EndProject
Project("{2150E333-8FDC-42A3-9474-1A3956D46DE8}") = "Exercise2", "Exercise2", "{834FAB48-0F40-4A67-95A0-1297AE58000F}"
EndProject
Project("{2150E333-8FDC-42A3-9474-1A3956D46DE8}") = "Bonus", "Bonus", "{C4569FC8-F3A6-428B-8BC1-17EAC5F1695B}"
EndProject
Project("{FAE04EC0-301F-11D3-BF4B-00C04F79EFBC}") = "MiniInformationSystem", "MiniInformationSystem\MiniInformationSystem.csproj", "{BBE609A0-C498-413C-B668-7940E47EFDE3}"
EndProject
Project("{FAE04EC0-301F-11D3-BF4B-00C04F79EFBC}") = "Fibonacci", "Fibonacci\Fibonacci.csproj", "{F9FC4800-4948-4EF9-857F-495042568459}"
EndProject
Global
	GlobalSection(SolutionConfigurationPlatforms) = preSolution
		Debug|Any CPU = Debug|Any CPU
		Release|Any CPU = Release|Any CPU
	EndGlobalSection
	GlobalSection(ProjectConfigurationPlatforms) = postSolution
		{BBE609A0-C498-413C-B668-7940E47EFDE3}.Debug|Any CPU.ActiveCfg = Debug|Any CPU
		{BBE609A0-C498-413C-B668-7940E47EFDE3}.Debug|Any CPU.Build.0 = Debug|Any CPU
		{BBE609A0-C498-413C-B668-7940E47EFDE3}.Release|Any CPU.ActiveCfg = Release|Any CPU
		{BBE609A0-C498-413C-B668-7940E47EFDE3}.Release|Any CPU.Build.0 = Release|Any CPU
		{F9FC4800-4948-4EF9-857F-495042568459}.Debug|Any CPU.ActiveCfg = Debug|Any CPU
		{F9FC4800-4948-4EF9-857F-495042568459}.Debug|Any CPU.Build.0 = Debug|Any CPU
		{F9FC4800-4948-4EF9-857F-495042568459}.Release|Any CPU.ActiveCfg = Release|Any CPU
		{F9FC4800-4948-4EF9-857F-495042568459}.Release|Any CPU.Build.0 = Release|Any CPU
	EndGlobalSection
	GlobalSection(SolutionProperties) = preSolution
		HideSolutionNode = FALSE
	EndGlobalSection
	GlobalSection(NestedProjects) = preSolution
		{BBE609A0-C498-413C-B668-7940E47EFDE3} = {8058F040-95F9-4C7D-8463-EE5CFC8BB6A5}
		{F9FC4800-4948-4EF9-857F-495042568459} = {834FAB48-0F40-4A67-95A0-1297AE58000F}
	EndGlobalSection
	GlobalSection(ExtensibilityGlobals) = postSolution
		SolutionGuid = {56DBFC05-C9DA-4199-A240-F8164995A920}
	EndGlobalSection
EndGlobal
